
Microsoft Visual Studio Solution File, Format Version 12.00
# Visual Studio Version 16
VisualStudioVersion = 16.0.30128.74
MinimumVisualStudioVersion = 10.0.40219.1
Project("{FAE04EC0-301F-11D3-BF4B-00C04F79EFBC}") = "AirSystem", "AirSystem\AirSystem.csproj", "{D030AF44-AF90-45F5-B7F1-571D15CC829F}"
EndProject
Global
	GlobalSection(SolutionConfigurationPlatforms) = preSolution
		Debug|Any CPU = Debug|Any CPU
		Release|Any CPU = Release|Any CPU
	EndGlobalSection
	GlobalSection(ProjectConfigurationPlatforms) = postSolution
		{D030AF44-AF90-45F5-B7F1-571D15CC829F}.Debug|Any CPU.ActiveCfg = Debug|Any CPU
		{D030AF44-AF90-45F5-B7F1-571D15CC829F}.Debug|Any CPU.Build.0 = Debug|Any CPU
		{D030AF44-AF90-45F5-B7F1-571D15CC829F}.Release|Any CPU.ActiveCfg = Release|Any CPU
		{D030AF44-AF90-45F5-B7F1-571D15CC829F}.Release|Any CPU.Build.0 = Release|Any CPU
	EndGlobalSection
	GlobalSection(SolutionProperties) = preSolution
		HideSolutionNode = FALSE
	EndGlobalSection
	GlobalSection(ExtensibilityGlobals) = postSolution
		SolutionGuid = {5E47AD2D-668A-4759-8539-B9FBE2770144}
	EndGlobalSection
EndGlobal
